
Microsoft Visual Studio Solution File, Format Version 12.00
# Visual Studio Version 16
VisualStudioVersion = 16.0.30523.141
MinimumVisualStudioVersion = 10.0.40219.1
Project("{9A19103F-16F7-4668-BE54-9A1E7A4F7556}") = "LD47", "LD47\LD47.csproj", "{B3BD6D5A-6056-4CCB-A4C2-7CAC8861B532}"
EndProject
Project("{9A19103F-16F7-4668-BE54-9A1E7A4F7556}") = "LD47.ContentTool", "LD47.ContentTool\LD47.ContentTool.csproj", "{5D3AB954-7B06-48B9-B54F-C2805354F1DE}"
EndProject
Global
	GlobalSection(SolutionConfigurationPlatforms) = preSolution
		Debug|Any CPU = Debug|Any CPU
		Release|Any CPU = Release|Any CPU
	EndGlobalSection
	GlobalSection(ProjectConfigurationPlatforms) = postSolution
		{B3BD6D5A-6056-4CCB-A4C2-7CAC8861B532}.Debug|Any CPU.ActiveCfg = Debug|Any CPU
		{B3BD6D5A-6056-4CCB-A4C2-7CAC8861B532}.Debug|Any CPU.Build.0 = Debug|Any CPU
		{B3BD6D5A-6056-4CCB-A4C2-7CAC8861B532}.Release|Any CPU.ActiveCfg = Release|Any CPU
		{B3BD6D5A-6056-4CCB-A4C2-7CAC8861B532}.Release|Any CPU.Build.0 = Release|Any CPU
		{5D3AB954-7B06-48B9-B54F-C2805354F1DE}.Debug|Any CPU.ActiveCfg = Debug|Any CPU
		{5D3AB954-7B06-48B9-B54F-C2805354F1DE}.Debug|Any CPU.Build.0 = Debug|Any CPU
		{5D3AB954-7B06-48B9-B54F-C2805354F1DE}.Release|Any CPU.ActiveCfg = Release|Any CPU
		{5D3AB954-7B06-48B9-B54F-C2805354F1DE}.Release|Any CPU.Build.0 = Release|Any CPU
	EndGlobalSection
	GlobalSection(SolutionProperties) = preSolution
		HideSolutionNode = FALSE
	EndGlobalSection
	GlobalSection(ExtensibilityGlobals) = postSolution
		SolutionGuid = {23875043-3521-4297-96B8-9D66439BC52C}
	EndGlobalSection
EndGlobal
